Microsoft Visual Studio Solution File, Format Version 12.00
# Visual Studio 2012
Project("{FAE04EC0-301F-11D3-BF4B-00C04F79EFBC}") = "KAVERI.DO", "KAVERI.DO.csproj", "{719CC704-4B34-41A5-8598-9931160B4FFD}"
EndProject
Global
	GlobalSection(SolutionConfigurationPlatforms) = preSolution
		Debug|Any CPU = Debug|Any CPU
		Release|Any CPU = Release|Any CPU
	EndGlobalSection
	GlobalSection(ProjectConfigurationPlatforms) = postSolution
		{719CC704-4B34-41A5-8598-9931160B4FFD}.Debug|Any CPU.ActiveCfg = Debug|Any CPU
		{719CC704-4B34-41A5-8598-9931160B4FFD}.Debug|Any CPU.Build.0 = Debug|Any CPU
		{719CC704-4B34-41A5-8598-9931160B4FFD}.Release|Any CPU.ActiveCfg = Release|Any CPU
		{719CC704-4B34-41A5-8598-9931160B4FFD}.Release|Any CPU.Build.0 = Release|Any CPU
	EndGlobalSection
	GlobalSection(SolutionProperties) = preSolution
		HideSolutionNode = FALSE
	EndGlobalSection
EndGlobal
